{
  "lockfileVersion": 1,
  "workspaces": {
    "": {
      "name": "photo-frame-web",
      "dependencies": {
        "@qzda/prolog": "^1.0.6",
        "@vueuse/core": "^10.11.1",
        "exif-js": "^2.3.0",
        "exifreader": "^4.31.1",
        "vue": "^3.5.17",
      },
      "devDependencies": {
        "@iconify-json/material-symbols": "^1.2.29",
        "@vitejs/plugin-vue": "^5.2.3",
        "@vue/tsconfig": "^0.7.0",
        "typescript": "~5.8.3",
        "unocss": "^66.2.2",
        "vite": "^6.3.5",
        "vue-tsc": "^2.2.8",
      },
    },
  },
  "packages": {
    "@ampproject/remapping": ["@ampproject/remapping@2.3.0", "", { "dependencies": { "@jridgewell/gen-mapping": "^0.3.5", "@jridgewell/trace-mapping": "^0.3.24" } }, "sha512-30iZtAPgz+LTIYoeivqYo853f02jBYSd5uGnGpkFV0M3xOt9aN73erkgYAmZU43x4VfqcnLxW9Kpg3R5LC4YYw=="],

    "@antfu/install-pkg": ["@antfu/install-pkg@1.1.0", "", { "dependencies": { "package-manager-detector": "^1.3.0", "tinyexec": "^1.0.1" } }, "sha512-MGQsmw10ZyI+EJo45CdSER4zEb+p31LpDAFp2Z3gkSd1yqVZGi0Ebx++YTEMonJy4oChEMLsxZ64j8FH6sSqtQ=="],

    "@antfu/utils": ["@antfu/utils@8.1.1", "", {}, "sha512-Mex9nXf9vR6AhcXmMrlz/HVgYYZpVGJ6YlPgwl7UnaFpnshXs6EK/oa5Gpf3CzENMjkvEx2tQtntGnb7UtSTOQ=="],

    "@babel/helper-string-parser": ["@babel/helper-string-parser@7.27.1", "", {}, "sha512-qMlSxKbpRlAridDExk92nSobyDdpPijUq2DW6oDnUqd0iOGxmQjyqhMIihI9+zv4LPyZdRje2cavWPbCbWm3eA=="],

    "@babel/helper-validator-identifier": ["@babel/helper-validator-identifier@7.27.1", "", {}, "sha512-D2hP9eA+Sqx1kBZgzxZh0y1trbuU+JoDkiEwqhQ36nodYqJwyEIhPSdMNd7lOm/4io72luTPWH20Yda0xOuUow=="],

    "@babel/parser": ["@babel/parser@7.28.0", "", { "dependencies": { "@babel/types": "^7.28.0" }, "bin": "./bin/babel-parser.js" }, "sha512-jVZGvOxOuNSsuQuLRTh13nU0AogFlw32w/MT+LV6D3sP5WdbW61E77RnkbaO2dUvmPAYrBDJXGn5gGS6tH4j8g=="],

    "@babel/types": ["@babel/types@7.28.0", "", { "dependencies": { "@babel/helper-string-parser": "^7.27.1", "@babel/helper-validator-identifier": "^7.27.1" } }, "sha512-jYnje+JyZG5YThjHiF28oT4SIZLnYOcSBb6+SDaFIyzDVSkXQmQQYclJ2R+YxcdmK0AX6x1E5OQNtuh3jHDrUg=="],

    "@esbuild/aix-ppc64": ["@esbuild/aix-ppc64@0.25.6", "", { "os": "aix", "cpu": "ppc64" }, "sha512-ShbM/3XxwuxjFiuVBHA+d3j5dyac0aEVVq1oluIDf71hUw0aRF59dV/efUsIwFnR6m8JNM2FjZOzmaZ8yG61kw=="],

    "@esbuild/android-arm": ["@esbuild/android-arm@0.25.6", "", { "os": "android", "cpu": "arm" }, "sha512-S8ToEOVfg++AU/bHwdksHNnyLyVM+eMVAOf6yRKFitnwnbwwPNqKr3srzFRe7nzV69RQKb5DgchIX5pt3L53xg=="],

    "@esbuild/android-arm64": ["@esbuild/android-arm64@0.25.6", "", { "os": "android", "cpu": "arm64" }, "sha512-hd5zdUarsK6strW+3Wxi5qWws+rJhCCbMiC9QZyzoxfk5uHRIE8T287giQxzVpEvCwuJ9Qjg6bEjcRJcgfLqoA=="],

    "@esbuild/android-x64": ["@esbuild/android-x64@0.25.6", "", { "os": "android", "cpu": "x64" }, "sha512-0Z7KpHSr3VBIO9A/1wcT3NTy7EB4oNC4upJ5ye3R7taCc2GUdeynSLArnon5G8scPwaU866d3H4BCrE5xLW25A=="],

    "@esbuild/darwin-arm64": ["@esbuild/darwin-arm64@0.25.6", "", { "os": "darwin", "cpu": "arm64" }, "sha512-FFCssz3XBavjxcFxKsGy2DYK5VSvJqa6y5HXljKzhRZ87LvEi13brPrf/wdyl/BbpbMKJNOr1Sd0jtW4Ge1pAA=="],

    "@esbuild/darwin-x64": ["@esbuild/darwin-x64@0.25.6", "", { "os": "darwin", "cpu": "x64" }, "sha512-GfXs5kry/TkGM2vKqK2oyiLFygJRqKVhawu3+DOCk7OxLy/6jYkWXhlHwOoTb0WqGnWGAS7sooxbZowy+pK9Yg=="],

    "@esbuild/freebsd-arm64": ["@esbuild/freebsd-arm64@0.25.6", "", { "os": "freebsd", "cpu": "arm64" }, "sha512-aoLF2c3OvDn2XDTRvn8hN6DRzVVpDlj2B/F66clWd/FHLiHaG3aVZjxQX2DYphA5y/evbdGvC6Us13tvyt4pWg=="],

    "@esbuild/freebsd-x64": ["@esbuild/freebsd-x64@0.25.6", "", { "os": "freebsd", "cpu": "x64" }, "sha512-2SkqTjTSo2dYi/jzFbU9Plt1vk0+nNg8YC8rOXXea+iA3hfNJWebKYPs3xnOUf9+ZWhKAaxnQNUf2X9LOpeiMQ=="],

    "@esbuild/linux-arm": ["@esbuild/linux-arm@0.25.6", "", { "os": "linux", "cpu": "arm" }, "sha512-SZHQlzvqv4Du5PrKE2faN0qlbsaW/3QQfUUc6yO2EjFcA83xnwm91UbEEVx4ApZ9Z5oG8Bxz4qPE+HFwtVcfyw=="],

    "@esbuild/linux-arm64": ["@esbuild/linux-arm64@0.25.6", "", { "os": "linux", "cpu": "arm64" }, "sha512-b967hU0gqKd9Drsh/UuAm21Khpoh6mPBSgz8mKRq4P5mVK8bpA+hQzmm/ZwGVULSNBzKdZPQBRT3+WuVavcWsQ=="],

    "@esbuild/linux-ia32": ["@esbuild/linux-ia32@0.25.6", "", { "os": "linux", "cpu": "ia32" }, "sha512-aHWdQ2AAltRkLPOsKdi3xv0mZ8fUGPdlKEjIEhxCPm5yKEThcUjHpWB1idN74lfXGnZ5SULQSgtr5Qos5B0bPw=="],

    "@esbuild/linux-loong64": ["@esbuild/linux-loong64@0.25.6", "", { "os": "linux", "cpu": "none" }, "sha512-VgKCsHdXRSQ7E1+QXGdRPlQ/e08bN6WMQb27/TMfV+vPjjTImuT9PmLXupRlC90S1JeNNW5lzkAEO/McKeJ2yg=="],

    "@esbuild/linux-mips64el": ["@esbuild/linux-mips64el@0.25.6", "", { "os": "linux", "cpu": "none" }, "sha512-WViNlpivRKT9/py3kCmkHnn44GkGXVdXfdc4drNmRl15zVQ2+D2uFwdlGh6IuK5AAnGTo2qPB1Djppj+t78rzw=="],

    "@esbuild/linux-ppc64": ["@esbuild/linux-ppc64@0.25.6", "", { "os": "linux", "cpu": "ppc64" }, "sha512-wyYKZ9NTdmAMb5730I38lBqVu6cKl4ZfYXIs31Baf8aoOtB4xSGi3THmDYt4BTFHk7/EcVixkOV2uZfwU3Q2Jw=="],

    "@esbuild/linux-riscv64": ["@esbuild/linux-riscv64@0.25.6", "", { "os": "linux", "cpu": "none" }, "sha512-KZh7bAGGcrinEj4qzilJ4hqTY3Dg2U82c8bv+e1xqNqZCrCyc+TL9AUEn5WGKDzm3CfC5RODE/qc96OcbIe33w=="],

    "@esbuild/linux-s390x": ["@esbuild/linux-s390x@0.25.6", "", { "os": "linux", "cpu": "s390x" }, "sha512-9N1LsTwAuE9oj6lHMyyAM+ucxGiVnEqUdp4v7IaMmrwb06ZTEVCIs3oPPplVsnjPfyjmxwHxHMF8b6vzUVAUGw=="],

    "@esbuild/linux-x64": ["@esbuild/linux-x64@0.25.6", "", { "os": "linux", "cpu": "x64" }, "sha512-A6bJB41b4lKFWRKNrWoP2LHsjVzNiaurf7wyj/XtFNTsnPuxwEBWHLty+ZE0dWBKuSK1fvKgrKaNjBS7qbFKig=="],

    "@esbuild/netbsd-arm64": ["@esbuild/netbsd-arm64@0.25.6", "", { "os": "none", "cpu": "arm64" }, "sha512-IjA+DcwoVpjEvyxZddDqBY+uJ2Snc6duLpjmkXm/v4xuS3H+3FkLZlDm9ZsAbF9rsfP3zeA0/ArNDORZgrxR/Q=="],

    "@esbuild/netbsd-x64": ["@esbuild/netbsd-x64@0.25.6", "", { "os": "none", "cpu": "x64" }, "sha512-dUXuZr5WenIDlMHdMkvDc1FAu4xdWixTCRgP7RQLBOkkGgwuuzaGSYcOpW4jFxzpzL1ejb8yF620UxAqnBrR9g=="],

    "@esbuild/openbsd-arm64": ["@esbuild/openbsd-arm64@0.25.6", "", { "os": "openbsd", "cpu": "arm64" }, "sha512-l8ZCvXP0tbTJ3iaqdNf3pjaOSd5ex/e6/omLIQCVBLmHTlfXW3zAxQ4fnDmPLOB1x9xrcSi/xtCWFwCZRIaEwg=="],

    "@esbuild/openbsd-x64": ["@esbuild/openbsd-x64@0.25.6", "", { "os": "openbsd", "cpu": "x64" }, "sha512-hKrmDa0aOFOr71KQ/19JC7az1P0GWtCN1t2ahYAf4O007DHZt/dW8ym5+CUdJhQ/qkZmI1HAF8KkJbEFtCL7gw=="],

    "@esbuild/openharmony-arm64": ["@esbuild/openharmony-arm64@0.25.6", "", { "os": "none", "cpu": "arm64" }, "sha512-+SqBcAWoB1fYKmpWoQP4pGtx+pUUC//RNYhFdbcSA16617cchuryuhOCRpPsjCblKukAckWsV+aQ3UKT/RMPcA=="],

    "@esbuild/sunos-x64": ["@esbuild/sunos-x64@0.25.6", "", { "os": "sunos", "cpu": "x64" }, "sha512-dyCGxv1/Br7MiSC42qinGL8KkG4kX0pEsdb0+TKhmJZgCUDBGmyo1/ArCjNGiOLiIAgdbWgmWgib4HoCi5t7kA=="],

    "@esbuild/win32-arm64": ["@esbuild/win32-arm64@0.25.6", "", { "os": "win32", "cpu": "arm64" }, "sha512-42QOgcZeZOvXfsCBJF5Afw73t4veOId//XD3i+/9gSkhSV6Gk3VPlWncctI+JcOyERv85FUo7RxuxGy+z8A43Q=="],

    "@esbuild/win32-ia32": ["@esbuild/win32-ia32@0.25.6", "", { "os": "win32", "cpu": "ia32" }, "sha512-4AWhgXmDuYN7rJI6ORB+uU9DHLq/erBbuMoAuB4VWJTu5KtCgcKYPynF0YI1VkBNuEfjNlLrFr9KZPJzrtLkrQ=="],

    "@esbuild/win32-x64": ["@esbuild/win32-x64@0.25.6", "", { "os": "win32", "cpu": "x64" }, "sha512-NgJPHHbEpLQgDH2MjQu90pzW/5vvXIZ7KOnPyNBm92A6WgZ/7b6fJyUBjoumLqeOQQGqY2QjQxRo97ah4Sj0cA=="],

    "@iconify-json/material-symbols": ["@iconify-json/material-symbols@1.2.29", "", { "dependencies": { "@iconify/types": "*" } }, "sha512-UUSrsl0gHF0GjAB9eZOpXrj7/v55ayMzo3QnMwUqP/FSfSkITKLR7CsBmUIFS8eEj8eRTfBNWA1yiIJR6UOdWg=="],

    "@iconify/types": ["@iconify/types@2.0.0", "", {}, "sha512-+wluvCrRhXrhyOmRDJ3q8mux9JkKy5SJ/v8ol2tu4FVjyYvtEzkc/3pK15ET6RKg4b4w4BmTk1+gsCUhf21Ykg=="],

    "@iconify/utils": ["@iconify/utils@2.3.0", "", { "dependencies": { "@antfu/install-pkg": "^1.0.0", "@antfu/utils": "^8.1.0", "@iconify/types": "^2.0.0", "debug": "^4.4.0", "globals": "^15.14.0", "kolorist": "^1.8.0", "local-pkg": "^1.0.0", "mlly": "^1.7.4" } }, "sha512-GmQ78prtwYW6EtzXRU1rY+KwOKfz32PD7iJh6Iyqw68GiKuoZ2A6pRtzWONz5VQJbp50mEjXh/7NkumtrAgRKA=="],

    "@jridgewell/gen-mapping": ["@jridgewell/gen-mapping@0.3.12", "", { "dependencies": { "@jridgewell/sourcemap-codec": "^1.5.0", "@jridgewell/trace-mapping": "^0.3.24" } }, "sha512-OuLGC46TjB5BbN1dH8JULVVZY4WTdkF7tV9Ys6wLL1rubZnCMstOhNHueU5bLCrnRuDhKPDM4g6sw4Bel5Gzqg=="],

    "@jridgewell/resolve-uri": ["@jridgewell/resolve-uri@3.1.2", "", {}, "sha512-bRISgCIjP20/tbWSPWMEi54QVPRZExkuD9lJL+UIxUKtwVJA8wW1Trb1jMs1RFXo1CBTNZ/5hpC9QvmKWdopKw=="],

    "@jridgewell/sourcemap-codec": ["@jridgewell/sourcemap-codec@1.5.4", "", {}, "sha512-VT2+G1VQs/9oz078bLrYbecdZKs912zQlkelYpuf+SXF+QvZDYJlbx/LSx+meSAwdDFnF8FVXW92AVjjkVmgFw=="],

    "@jridgewell/trace-mapping": ["@jridgewell/trace-mapping@0.3.29", "", { "dependencies": { "@jridgewell/resolve-uri": "^3.1.0", "@jridgewell/sourcemap-codec": "^1.4.14" } }, "sha512-uw6guiW/gcAGPDhLmd77/6lW8QLeiV5RUTsAX46Db6oLhGaVj4lhnPwb184s1bkc8kdVg/+h988dro8GRDpmYQ=="],

    "@polka/url": ["@polka/url@1.0.0-next.29", "", {}, "sha512-wwQAWhWSuHaag8c4q/KN/vCoeOJYshAIvMQwD4GpSb3OiZklFfvAgmj0VCBBImRpuF/aFgIRzllXlVX93Jevww=="],

    "@quansync/fs": ["@quansync/fs@0.1.3", "", { "dependencies": { "quansync": "^0.2.10" } }, "sha512-G0OnZbMWEs5LhDyqy2UL17vGhSVHkQIfVojMtEWVenvj0V5S84VBgy86kJIuNsGDp2p7sTKlpSIpBUWdC35OKg=="],

    "@qzda/prolog": ["@qzda/prolog@1.0.6", "", {}, "sha512-B6jMk7qAMAI5n/5S3P+jKXgfWS7IE6JDIj0c/PF8ceeSCwglfq2PV11OtNI5MSqPHpGmKdk4Bc3wVxw+Z8BQtA=="],

    "@rollup/rollup-android-arm-eabi": ["@rollup/rollup-android-arm-eabi@4.44.2", "", { "os": "android", "cpu": "arm" }, "sha512-g0dF8P1e2QYPOj1gu7s/3LVP6kze9A7m6x0BZ9iTdXK8N5c2V7cpBKHV3/9A4Zd8xxavdhK0t4PnqjkqVmUc9Q=="],

    "@rollup/rollup-android-arm64": ["@rollup/rollup-android-arm64@4.44.2", "", { "os": "android", "cpu": "arm64" }, "sha512-Yt5MKrOosSbSaAK5Y4J+vSiID57sOvpBNBR6K7xAaQvk3MkcNVV0f9fE20T+41WYN8hDn6SGFlFrKudtx4EoxA=="],

    "@rollup/rollup-darwin-arm64": ["@rollup/rollup-darwin-arm64@4.44.2", "", { "os": "darwin", "cpu": "arm64" }, "sha512-EsnFot9ZieM35YNA26nhbLTJBHD0jTwWpPwmRVDzjylQT6gkar+zenfb8mHxWpRrbn+WytRRjE0WKsfaxBkVUA=="],

    "@rollup/rollup-darwin-x64": ["@rollup/rollup-darwin-x64@4.44.2", "", { "os": "darwin", "cpu": "x64" }, "sha512-dv/t1t1RkCvJdWWxQ2lWOO+b7cMsVw5YFaS04oHpZRWehI1h0fV1gF4wgGCTyQHHjJDfbNpwOi6PXEafRBBezw=="],

    "@rollup/rollup-freebsd-arm64": ["@rollup/rollup-freebsd-arm64@4.44.2", "", { "os": "freebsd", "cpu": "arm64" }, "sha512-W4tt4BLorKND4qeHElxDoim0+BsprFTwb+vriVQnFFtT/P6v/xO5I99xvYnVzKWrK6j7Hb0yp3x7V5LUbaeOMg=="],

    "@rollup/rollup-freebsd-x64": ["@rollup/rollup-freebsd-x64@4.44.2", "", { "os": "freebsd", "cpu": "x64" }, "sha512-tdT1PHopokkuBVyHjvYehnIe20fxibxFCEhQP/96MDSOcyjM/shlTkZZLOufV3qO6/FQOSiJTBebhVc12JyPTA=="],

    "@rollup/rollup-linux-arm-gnueabihf": ["@rollup/rollup-linux-arm-gnueabihf@4.44.2", "", { "os": "linux", "cpu": "arm" }, "sha512-+xmiDGGaSfIIOXMzkhJ++Oa0Gwvl9oXUeIiwarsdRXSe27HUIvjbSIpPxvnNsRebsNdUo7uAiQVgBD1hVriwSQ=="],

    "@rollup/rollup-linux-arm-musleabihf": ["@rollup/rollup-linux-arm-musleabihf@4.44.2", "", { "os": "linux", "cpu": "arm" }, "sha512-bDHvhzOfORk3wt8yxIra8N4k/N0MnKInCW5OGZaeDYa/hMrdPaJzo7CSkjKZqX4JFUWjUGm88lI6QJLCM7lDrA=="],

    "@rollup/rollup-linux-arm64-gnu": ["@rollup/rollup-linux-arm64-gnu@4.44.2", "", { "os": "linux", "cpu": "arm64" }, "sha512-NMsDEsDiYghTbeZWEGnNi4F0hSbGnsuOG+VnNvxkKg0IGDvFh7UVpM/14mnMwxRxUf9AdAVJgHPvKXf6FpMB7A=="],

    "@rollup/rollup-linux-arm64-musl": ["@rollup/rollup-linux-arm64-musl@4.44.2", "", { "os": "linux", "cpu": "arm64" }, "sha512-lb5bxXnxXglVq+7imxykIp5xMq+idehfl+wOgiiix0191av84OqbjUED+PRC5OA8eFJYj5xAGcpAZ0pF2MnW+A=="],

    "@rollup/rollup-linux-loongarch64-gnu": ["@rollup/rollup-linux-loongarch64-gnu@4.44.2", "", { "os": "linux", "cpu": "none" }, "sha512-Yl5Rdpf9pIc4GW1PmkUGHdMtbx0fBLE1//SxDmuf3X0dUC57+zMepow2LK0V21661cjXdTn8hO2tXDdAWAqE5g=="],

    "@rollup/rollup-linux-powerpc64le-gnu": ["@rollup/rollup-linux-powerpc64le-gnu@4.44.2", "", { "os": "linux", "cpu": "ppc64" }, "sha512-03vUDH+w55s680YYryyr78jsO1RWU9ocRMaeV2vMniJJW/6HhoTBwyyiiTPVHNWLnhsnwcQ0oH3S9JSBEKuyqw=="],

    "@rollup/rollup-linux-riscv64-gnu": ["@rollup/rollup-linux-riscv64-gnu@4.44.2", "", { "os": "linux", "cpu": "none" }, "sha512-iYtAqBg5eEMG4dEfVlkqo05xMOk6y/JXIToRca2bAWuqjrJYJlx/I7+Z+4hSrsWU8GdJDFPL4ktV3dy4yBSrzg=="],

    "@rollup/rollup-linux-riscv64-musl": ["@rollup/rollup-linux-riscv64-musl@4.44.2", "", { "os": "linux", "cpu": "none" }, "sha512-e6vEbgaaqz2yEHqtkPXa28fFuBGmUJ0N2dOJK8YUfijejInt9gfCSA7YDdJ4nYlv67JfP3+PSWFX4IVw/xRIPg=="],

    "@rollup/rollup-linux-s390x-gnu": ["@rollup/rollup-linux-s390x-gnu@4.44.2", "", { "os": "linux", "cpu": "s390x" }, "sha512-evFOtkmVdY3udE+0QKrV5wBx7bKI0iHz5yEVx5WqDJkxp9YQefy4Mpx3RajIVcM6o7jxTvVd/qpC1IXUhGc1Mw=="],

    "@rollup/rollup-linux-x64-gnu": ["@rollup/rollup-linux-x64-gnu@4.44.2", "", { "os": "linux", "cpu": "x64" }, "sha512-/bXb0bEsWMyEkIsUL2Yt5nFB5naLAwyOWMEviQfQY1x3l5WsLKgvZf66TM7UTfED6erckUVUJQ/jJ1FSpm3pRQ=="],

    "@rollup/rollup-linux-x64-musl": ["@rollup/rollup-linux-x64-musl@4.44.2", "", { "os": "linux", "cpu": "x64" }, "sha512-3D3OB1vSSBXmkGEZR27uiMRNiwN08/RVAcBKwhUYPaiZ8bcvdeEwWPvbnXvvXHY+A/7xluzcN+kaiOFNiOZwWg=="],

    "@rollup/rollup-win32-arm64-msvc": ["@rollup/rollup-win32-arm64-msvc@4.44.2", "", { "os": "win32", "cpu": "arm64" }, "sha512-VfU0fsMK+rwdK8mwODqYeM2hDrF2WiHaSmCBrS7gColkQft95/8tphyzv2EupVxn3iE0FI78wzffoULH1G+dkw=="],

    "@rollup/rollup-win32-ia32-msvc": ["@rollup/rollup-win32-ia32-msvc@4.44.2", "", { "os": "win32", "cpu": "ia32" }, "sha512-+qMUrkbUurpE6DVRjiJCNGZBGo9xM4Y0FXU5cjgudWqIBWbcLkjE3XprJUsOFgC6xjBClwVa9k6O3A7K3vxb5Q=="],

    "@rollup/rollup-win32-x64-msvc": ["@rollup/rollup-win32-x64-msvc@4.44.2", "", { "os": "win32", "cpu": "x64" }, "sha512-3+QZROYfJ25PDcxFF66UEk8jGWigHJeecZILvkPkyQN7oc5BvFo4YEXFkOs154j3FTMp9mn9Ky8RCOwastduEA=="],

    "@types/estree": ["@types/estree@1.0.8", "", {}, "sha512-dWHzHa2WqEXI/O1E9OjrocMTKJl2mSrEolh1Iomrv6U+JuNwaHXsXx9bLu5gG7BUWFIN0skIQJQ/L1rIex4X6w=="],

    "@types/web-bluetooth": ["@types/web-bluetooth@0.0.20", "", {}, "sha512-g9gZnnXVq7gM7v3tJCWV/qw7w+KeOlSHAhgF9RytFyifW6AF61hdT2ucrYhPq9hLs5JIryeupHV3qGk95dH9ow=="],

    "@unocss/astro": ["@unocss/astro@66.3.3", "", { "dependencies": { "@unocss/core": "66.3.3", "@unocss/reset": "66.3.3", "@unocss/vite": "66.3.3" }, "peerDependencies": { "vite": "^2.9.0 || ^3.0.0-0 || ^4.0.0 || ^5.0.0-0 || ^6.0.0-0 || ^7.0.0-0" }, "optionalPeers": ["vite"] }, "sha512-q26EfadSMmEXZpWDKsJF9anBCfhYDmWljVpDZ2Wo8K48IbZMUXrWfiAiUc6ijE/A/rADfHk8bp3a3GE01t3I9A=="],

    "@unocss/cli": ["@unocss/cli@66.3.3", "", { "dependencies": { "@ampproject/remapping": "^2.3.0", "@unocss/config": "66.3.3", "@unocss/core": "66.3.3", "@unocss/preset-uno": "66.3.3", "cac": "^6.7.14", "chokidar": "^3.6.0", "colorette": "^2.0.20", "consola": "^3.4.2", "magic-string": "^0.30.17", "pathe": "^2.0.3", "perfect-debounce": "^1.0.0", "tinyglobby": "^0.2.14", "unplugin-utils": "^0.2.4" }, "bin": { "unocss": "bin/unocss.mjs" } }, "sha512-U0HoDcwi/DetqP5zDT3dfxG94pC3TI0PfxmpdTfPY7xEylIdLbV89fb70CvJVysDSQJIuw6TYwqS1ZlHoYNKTA=="],

    "@unocss/config": ["@unocss/config@66.3.3", "", { "dependencies": { "@unocss/core": "66.3.3", "unconfig": "^7.3.2" } }, "sha512-D/UxnAmkabapqWU4tF85dWWhNfCUyNutWmd4AD2VsQRZOykufJedLV74r3Z3XhoPJn4IGr3BKZm5/rflf5viDg=="],

    "@unocss/core": ["@unocss/core@66.3.3", "", {}, "sha512-6WFLd92TJelVQARtCGaF+EgEoHKIVe43gkGXVoWILu0HUDRWdhv+cpcyX0RTJV22Y976AxeneU7/zmhAh+CXNg=="],

    "@unocss/extractor-arbitrary-variants": ["@unocss/extractor-arbitrary-variants@66.3.3", "", { "dependencies": { "@unocss/core": "66.3.3" } }, "sha512-TXzjH6FcITQ8V2x7ETHgVOlAHf3ll/ysxL+W4fMROm8jP/o7jvsg36tRfOwU0sDGo/qoCPux82ix9e6/JW0oqQ=="],

    "@unocss/inspector": ["@unocss/inspector@66.3.3", "", { "dependencies": { "@unocss/core": "66.3.3", "@unocss/rule-utils": "66.3.3", "colorette": "^2.0.20", "gzip-size": "^6.0.0", "sirv": "^3.0.1", "vue-flow-layout": "^0.1.1" } }, "sha512-NsK1WRWez2Mzk4+ophtBdXel8nGaPkIDa9lYSFMdKLF/1jNW23txeEL8CsD6/CK8K0BsR11rhLKhUrzyrjfBSQ=="],

    "@unocss/postcss": ["@unocss/postcss@66.3.3", "", { "dependencies": { "@unocss/config": "66.3.3", "@unocss/core": "66.3.3", "@unocss/rule-utils": "66.3.3", "css-tree": "^3.1.0", "postcss": "^8.5.6", "tinyglobby": "^0.2.14" } }, "sha512-VKq+BtfPIZbLeAeZFprtKZJAyFBOqA8qpQm+vmWBiBia70JzkwfF2SMNIHiGt022yRo9ZmjnI9uRTxSzqXUsUQ=="],

    "@unocss/preset-attributify": ["@unocss/preset-attributify@66.3.3", "", { "dependencies": { "@unocss/core": "66.3.3" } }, "sha512-22+0Cqqu09q+xHfZ3Wk8Coxe5m6PmpgWz4U5xrEC8056UfG3Q1KEqoCxy2wySJIq8SqxQ30Nlll7oMa31B8Krw=="],

    "@unocss/preset-icons": ["@unocss/preset-icons@66.3.3", "", { "dependencies": { "@iconify/utils": "^2.3.0", "@unocss/core": "66.3.3", "ofetch": "^1.4.1" } }, "sha512-Bmhiev05BN/horlgnyZ8gzQWZKd7oVpUBWD66X7U/dgkLdO6B5GIIsdO5Fi7JLeMDmyXm6vlYk0YQhiTbx8l9w=="],

    "@unocss/preset-mini": ["@unocss/preset-mini@66.3.3", "", { "dependencies": { "@unocss/core": "66.3.3", "@unocss/extractor-arbitrary-variants": "66.3.3", "@unocss/rule-utils": "66.3.3" } }, "sha512-pz8rgvHRYS/6fsZNtG7iArLzwANnLy5GkHY/lbuqkWhO2S2Nf7kpJCbR/uV/XeuFsLnYcZW3NLOmelfvZvJamA=="],

    "@unocss/preset-tagify": ["@unocss/preset-tagify@66.3.3", "", { "dependencies": { "@unocss/core": "66.3.3" } }, "sha512-L1Ez7Y4uBaW+wiv1BOQygpfhseSt3EZ53jqkl7fxl1EKVsJy6SuZgJxlXEHUYp9xYdSp6EHq2CfL8UevaR+loA=="],

    "@unocss/preset-typography": ["@unocss/preset-typography@66.3.3", "", { "dependencies": { "@unocss/core": "66.3.3", "@unocss/preset-mini": "66.3.3", "@unocss/rule-utils": "66.3.3" } }, "sha512-aQXiGCObvWD9grfUpm0d5nzN+Cpvag0rHP39UjUKb0xSTzY09VzwDrua4kWVO5wJLNK6/L70osyhEgmC3qToxA=="],

    "@unocss/preset-uno": ["@unocss/preset-uno@66.3.3", "", { "dependencies": { "@unocss/core": "66.3.3", "@unocss/preset-wind3": "66.3.3" } }, "sha512-Tiho4LidpuMHrB19GHTU6XrL0A5eFELHk9ebQ/3WeTy+K/9a6Hn5zsHJe5UCtOsEcUdKB33oZx0hXUp93hb/YQ=="],

    "@unocss/preset-web-fonts": ["@unocss/preset-web-fonts@66.3.3", "", { "dependencies": { "@unocss/core": "66.3.3", "ofetch": "^1.4.1" } }, "sha512-ysKZeC7TXxRiqnNL9GxZFGMKFAHXrcaqozPaEOIJ40dvzbJt8IMLyFndZkcFMcgDCV0pFh/y37mGxxxARO9+pQ=="],

    "@unocss/preset-wind": ["@unocss/preset-wind@66.3.3", "", { "dependencies": { "@unocss/core": "66.3.3", "@unocss/preset-wind3": "66.3.3" } }, "sha512-3Mxl/TDPcv8nNKdFe3WKdlXE6de+lCaaizEH86BILW3ZeyPU9aKzWcZIoxohla0a6zMxDQ2+Gf+7EwaOvpqo7Q=="],

    "@unocss/preset-wind3": ["@unocss/preset-wind3@66.3.3", "", { "dependencies": { "@unocss/core": "66.3.3", "@unocss/preset-mini": "66.3.3", "@unocss/rule-utils": "66.3.3" } }, "sha512-iXmjvPqvmPTo4z7epQDqHxzlGRsbLJEgfETqTrRJeagvFG7Gs+ajS8cQhbf6wL01dSRHjvhVXi3MsIvqfHHXOw=="],

    "@unocss/preset-wind4": ["@unocss/preset-wind4@66.3.3", "", { "dependencies": { "@unocss/core": "66.3.3", "@unocss/extractor-arbitrary-variants": "66.3.3", "@unocss/rule-utils": "66.3.3" } }, "sha512-JSJTXVJel6kX+u4Ktt6JGnukYWYhKxmjgORTwclUpokRHgEoD+xsh0Rz4YGJ1fWSnzNslNQhWP9yDRByVPHWwA=="],

    "@unocss/reset": ["@unocss/reset@66.3.3", "", {}, "sha512-VIeR/mIcCL89/1uA1KM1QCYca4aeIGqEHMTJL1nCD4v+7wk6XhNXhsp5gMIHo+V804SUSmATWaeHTiKpiFu7AQ=="],

    "@unocss/rule-utils": ["@unocss/rule-utils@66.3.3", "", { "dependencies": { "@unocss/core": "^66.3.3", "magic-string": "^0.30.17" } }, "sha512-QKgVGV5nRRnK44/reUKFLAc5UGyl98vz3hrfk8JI8pVza58vmQWTdAB2rIpNJ5a5j+EkWfDOUlGQaOrIeYGLdg=="],

    "@unocss/transformer-attributify-jsx": ["@unocss/transformer-attributify-jsx@66.3.3", "", { "dependencies": { "@unocss/core": "66.3.3" } }, "sha512-ENNYFk5wrI4jlxn0tWGeR9QGxflAfZue3X2ABg0KSVOiYyIOsrHqtdoiLYkuCA9idRlBZPQxePJKcPWt1r/tYA=="],

    "@unocss/transformer-compile-class": ["@unocss/transformer-compile-class@66.3.3", "", { "dependencies": { "@unocss/core": "66.3.3" } }, "sha512-VTEFuwp3iajGWyEFwmO5LRvOjgZM1TK+4rX5Q79xyTAPkLAKgOa03Ne8+kU8oG0TQEa4mXVw6ul9McM7UBJh1w=="],

    "@unocss/transformer-directives": ["@unocss/transformer-directives@66.3.3", "", { "dependencies": { "@unocss/core": "66.3.3", "@unocss/rule-utils": "66.3.3", "css-tree": "^3.1.0" } }, "sha512-11T7fmYk/XZcqFDn4qiIvs04mJhUtAoha5Y99bVE+L3byWa6BT4jb5aSAKk+24q5aynwgB++4RgfQxarj69WTw=="],

    "@unocss/transformer-variant-group": ["@unocss/transformer-variant-group@66.3.3", "", { "dependencies": { "@unocss/core": "66.3.3" } }, "sha512-uhK81pbJfXJFYaXxOoIFVEG8/Kx1iaAkTwRB6c+WNUfl9GiKyYQcrI7bETgCPPbg230Z68jVICBgBATeLJ31vQ=="],

    "@unocss/vite": ["@unocss/vite@66.3.3", "", { "dependencies": { "@ampproject/remapping": "^2.3.0", "@unocss/config": "66.3.3", "@unocss/core": "66.3.3", "@unocss/inspector": "66.3.3", "chokidar": "^3.6.0", "magic-string": "^0.30.17", "pathe": "^2.0.3", "tinyglobby": "^0.2.14", "unplugin-utils": "^0.2.4" }, "peerDependencies": { "vite": "^2.9.0 || ^3.0.0-0 || ^4.0.0 || ^5.0.0-0 || ^6.0.0-0 || ^7.0.0-0" } }, "sha512-uu3smeEW6q36ri6vydRx2GiTGF5O/J80Fr4GLmLiwfpt2YnPHraO7XHVR5/mwG2Oz5Kov0uGvxVsdgxZABKRgw=="],

    "@vitejs/plugin-vue": ["@vitejs/plugin-vue@5.2.4", "", { "peerDependencies": { "vite": "^5.0.0 || ^6.0.0", "vue": "^3.2.25" } }, "sha512-7Yx/SXSOcQq5HiiV3orevHUFn+pmMB4cgbEkDYgnkUWb0WfeQ/wa2yFv6D5ICiCQOVpjA7vYDXrC7AGO8yjDHA=="],

    "@volar/language-core": ["@volar/language-core@2.4.15", "", { "dependencies": { "@volar/source-map": "2.4.15" } }, "sha512-3VHw+QZU0ZG9IuQmzT68IyN4hZNd9GchGPhbD9+pa8CVv7rnoOZwo7T8weIbrRmihqy3ATpdfXFnqRrfPVK6CA=="],

    "@volar/source-map": ["@volar/source-map@2.4.15", "", {}, "sha512-CPbMWlUN6hVZJYGcU/GSoHu4EnCHiLaXI9n8c9la6RaI9W5JHX+NqG+GSQcB0JdC2FIBLdZJwGsfKyBB71VlTg=="],

    "@volar/typescript": ["@volar/typescript@2.4.15", "", { "dependencies": { "@volar/language-core": "2.4.15", "path-browserify": "^1.0.1", "vscode-uri": "^3.0.8" } }, "sha512-2aZ8i0cqPGjXb4BhkMsPYDkkuc2ZQ6yOpqwAuNwUoncELqoy5fRgOQtLR9gB0g902iS0NAkvpIzs27geVyVdPg=="],

    "@vue/compiler-core": ["@vue/compiler-core@3.5.17", "", { "dependencies": { "@babel/parser": "^7.27.5", "@vue/shared": "3.5.17", "entities": "^4.5.0", "estree-walker": "^2.0.2", "source-map-js": "^1.2.1" } }, "sha512-Xe+AittLbAyV0pabcN7cP7/BenRBNcteM4aSDCtRvGw0d9OL+HG1u/XHLY/kt1q4fyMeZYXyIYrsHuPSiDPosA=="],

    "@vue/compiler-dom": ["@vue/compiler-dom@3.5.17", "", { "dependencies": { "@vue/compiler-core": "3.5.17", "@vue/shared": "3.5.17" } }, "sha512-+2UgfLKoaNLhgfhV5Ihnk6wB4ljyW1/7wUIog2puUqajiC29Lp5R/IKDdkebh9jTbTogTbsgB+OY9cEWzG95JQ=="],

    "@vue/compiler-sfc": ["@vue/compiler-sfc@3.5.17", "", { "dependencies": { "@babel/parser": "^7.27.5", "@vue/compiler-core": "3.5.17", "@vue/compiler-dom": "3.5.17", "@vue/compiler-ssr": "3.5.17", "@vue/shared": "3.5.17", "estree-walker": "^2.0.2", "magic-string": "^0.30.17", "postcss": "^8.5.6", "source-map-js": "^1.2.1" } }, "sha512-rQQxbRJMgTqwRugtjw0cnyQv9cP4/4BxWfTdRBkqsTfLOHWykLzbOc3C4GGzAmdMDxhzU/1Ija5bTjMVrddqww=="],

    "@vue/compiler-ssr": ["@vue/compiler-ssr@3.5.17", "", { "dependencies": { "@vue/compiler-dom": "3.5.17", "@vue/shared": "3.5.17" } }, "sha512-hkDbA0Q20ZzGgpj5uZjb9rBzQtIHLS78mMilwrlpWk2Ep37DYntUz0PonQ6kr113vfOEdM+zTBuJDaceNIW0tQ=="],

    "@vue/compiler-vue2": ["@vue/compiler-vue2@2.7.16", "", { "dependencies": { "de-indent": "^1.0.2", "he": "^1.2.0" } }, "sha512-qYC3Psj9S/mfu9uVi5WvNZIzq+xnXMhOwbTFKKDD7b1lhpnn71jXSFdTQ+WsIEk0ONCd7VV2IMm7ONl6tbQ86A=="],

    "@vue/language-core": ["@vue/language-core@2.2.12", "", { "dependencies": { "@volar/language-core": "2.4.15", "@vue/compiler-dom": "^3.5.0", "@vue/compiler-vue2": "^2.7.16", "@vue/shared": "^3.5.0", "alien-signals": "^1.0.3", "minimatch": "^9.0.3", "muggle-string": "^0.4.1", "path-browserify": "^1.0.1" }, "peerDependencies": { "typescript": "*" }, "optionalPeers": ["typescript"] }, "sha512-IsGljWbKGU1MZpBPN+BvPAdr55YPkj2nB/TBNGNC32Vy2qLG25DYu/NBN2vNtZqdRbTRjaoYrahLrToim2NanA=="],

    "@vue/reactivity": ["@vue/reactivity@3.5.17", "", { "dependencies": { "@vue/shared": "3.5.17" } }, "sha512-l/rmw2STIscWi7SNJp708FK4Kofs97zc/5aEPQh4bOsReD/8ICuBcEmS7KGwDj5ODQLYWVN2lNibKJL1z5b+Lw=="],

    "@vue/runtime-core": ["@vue/runtime-core@3.5.17", "", { "dependencies": { "@vue/reactivity": "3.5.17", "@vue/shared": "3.5.17" } }, "sha512-QQLXa20dHg1R0ri4bjKeGFKEkJA7MMBxrKo2G+gJikmumRS7PTD4BOU9FKrDQWMKowz7frJJGqBffYMgQYS96Q=="],

    "@vue/runtime-dom": ["@vue/runtime-dom@3.5.17", "", { "dependencies": { "@vue/reactivity": "3.5.17", "@vue/runtime-core": "3.5.17", "@vue/shared": "3.5.17", "csstype": "^3.1.3" } }, "sha512-8El0M60TcwZ1QMz4/os2MdlQECgGoVHPuLnQBU3m9h3gdNRW9xRmI8iLS4t/22OQlOE6aJvNNlBiCzPHur4H9g=="],

    "@vue/server-renderer": ["@vue/server-renderer@3.5.17", "", { "dependencies": { "@vue/compiler-ssr": "3.5.17", "@vue/shared": "3.5.17" }, "peerDependencies": { "vue": "3.5.17" } }, "sha512-BOHhm8HalujY6lmC3DbqF6uXN/K00uWiEeF22LfEsm9Q93XeJ/plHTepGwf6tqFcF7GA5oGSSAAUock3VvzaCA=="],

    "@vue/shared": ["@vue/shared@3.5.17", "", {}, "sha512-CabR+UN630VnsJO/jHWYBC1YVXyMq94KKp6iF5MQgZJs5I8cmjw6oVMO1oDbtBkENSHSSn/UadWlW/OAgdmKrg=="],

    "@vue/tsconfig": ["@vue/tsconfig@0.7.0", "", { "peerDependencies": { "typescript": "5.x", "vue": "^3.4.0" }, "optionalPeers": ["typescript", "vue"] }, "sha512-ku2uNz5MaZ9IerPPUyOHzyjhXoX2kVJaVf7hL315DC17vS6IiZRmmCPfggNbU16QTvM80+uYYy3eYJB59WCtvg=="],

    "@vueuse/core": ["@vueuse/core@10.11.1", "", { "dependencies": { "@types/web-bluetooth": "^0.0.20", "@vueuse/metadata": "10.11.1", "@vueuse/shared": "10.11.1", "vue-demi": ">=0.14.8" } }, "sha512-guoy26JQktXPcz+0n3GukWIy/JDNKti9v6VEMu6kV2sYBsWuGiTU8OWdg+ADfUbHg3/3DlqySDe7JmdHrktiww=="],

    "@vueuse/metadata": ["@vueuse/metadata@10.11.1", "", {}, "sha512-IGa5FXd003Ug1qAZmyE8wF3sJ81xGLSqTqtQ6jaVfkeZ4i5kS2mwQF61yhVqojRnenVew5PldLyRgvdl4YYuSw=="],

    "@vueuse/shared": ["@vueuse/shared@10.11.1", "", { "dependencies": { "vue-demi": ">=0.14.8" } }, "sha512-LHpC8711VFZlDaYUXEBbFBCQ7GS3dVU9mjOhhMhXP6txTV4EhYQg/KGnQuvt/sPAtoUKq7VVUnL6mVtFoL42sA=="],

    "@xmldom/xmldom": ["@xmldom/xmldom@0.9.8", "", {}, "sha512-p96FSY54r+WJ50FIOsCOjyj/wavs8921hG5+kVMmZgKcvIKxMXHTrjNJvRgWa/zuX3B6t2lijLNFaOyuxUH+2A=="],

    "acorn": ["acorn@8.15.0", "", { "bin": { "acorn": "bin/acorn" } }, "sha512-NZyJarBfL7nWwIq+FDL6Zp/yHEhePMNnnJ0y3qfieCrmNvYct8uvtiV41UvlSe6apAfk0fY1FbWx+NwfmpvtTg=="],

    "alien-signals": ["alien-signals@1.0.13", "", {}, "sha512-OGj9yyTnJEttvzhTUWuscOvtqxq5vrhF7vL9oS0xJ2mK0ItPYP1/y+vCFebfxoEyAz0++1AIwJ5CMr+Fk3nDmg=="],

    "anymatch": ["anymatch@3.1.3", "", { "dependencies": { "normalize-path": "^3.0.0", "picomatch": "^2.0.4" } }, "sha512-KMReFUr0B4t+D+OBkjR3KYqvocp2XaSzO55UcB6mgQMd3KbcE+mWTyvVV7D/zsdEbNnV6acZUutkiHQXvTr1Rw=="],

    "balanced-match": ["balanced-match@1.0.2", "", {}, "sha512-3oSeUO0TMV67hN1AmbXsK4yaqU7tjiHlbxRDZOpH0KW9+CeX4bRAaX0Anxt0tx2MrpRpWwQaPwIlISEJhYU5Pw=="],

    "binary-extensions": ["binary-extensions@2.3.0", "", {}, "sha512-Ceh+7ox5qe7LJuLHoY0feh3pHuUDHAcRUeyL2VYghZwfpkNIy/+8Ocg0a3UuSoYzavmylwuLWQOf3hl0jjMMIw=="],

    "brace-expansion": ["brace-expansion@2.0.2", "", { "dependencies": { "balanced-match": "^1.0.0" } }, "sha512-Jt0vHyM+jmUBqojB7E1NIYadt0vI0Qxjxd2TErW94wDz+E2LAm5vKMXXwg6ZZBTHPuUlDgQHKXvjGBdfcF1ZDQ=="],

    "braces": ["braces@3.0.3", "", { "dependencies": { "fill-range": "^7.1.1" } }, "sha512-yQbXgO/OSZVD2IsiLlro+7Hf6Q18EJrKSEsdoMzKePKXct3gvD8oLcOQdIzGupr5Fj+EDe8gO/lxc1BzfMpxvA=="],

    "cac": ["cac@6.7.14", "", {}, "sha512-b6Ilus+c3RrdDk+JhLKUAQfzzgLEPy6wcXqS7f/xe1EETvsDP6GORG7SFuOs6cID5YkqchW/LXZbX5bc8j7ZcQ=="],

    "chokidar": ["chokidar@3.6.0", "", { "dependencies": { "anymatch": "~3.1.2", "braces": "~3.0.2", "glob-parent": "~5.1.2", "is-binary-path": "~2.1.0", "is-glob": "~4.0.1", "normalize-path": "~3.0.0", "readdirp": "~3.6.0" }, "optionalDependencies": { "fsevents": "~2.3.2" } }, "sha512-7VT13fmjotKpGipCW9JEQAusEPE+Ei8nl6/g4FBAmIm0GOOLMua9NDDo/DWp0ZAxCr3cPq5ZpBqmPAQgDda2Pw=="],

    "colorette": ["colorette@2.0.20", "", {}, "sha512-IfEDxwoWIjkeXL1eXcDiow4UbKjhLdq6/EuSVR9GMN7KVH3r9gQ83e73hsz1Nd1T3ijd5xv1wcWRYO+D6kCI2w=="],

    "confbox": ["confbox@0.2.2", "", {}, "sha512-1NB+BKqhtNipMsov4xI/NnhCKp9XG9NamYp5PVm9klAT0fsrNPjaFICsCFhNhwZJKNh7zB/3q8qXz0E9oaMNtQ=="],

    "consola": ["consola@3.4.2", "", {}, "sha512-5IKcdX0nnYavi6G7TtOhwkYzyjfJlatbjMjuLSfE2kYT5pMDOilZ4OvMhi637CcDICTmz3wARPoyhqyX1Y+XvA=="],

    "css-tree": ["css-tree@3.1.0", "", { "dependencies": { "mdn-data": "2.12.2", "source-map-js": "^1.0.1" } }, "sha512-0eW44TGN5SQXU1mWSkKwFstI/22X2bG1nYzZTYMAWjylYURhse752YgbE4Cx46AC+bAvI+/dYTPRk1LqSUnu6w=="],

    "csstype": ["csstype@3.1.3", "", {}, "sha512-M1uQkMl8rQK/szD0LNhtqxIPLpimGm8sOBwU7lLnCpSbTyY3yeU1Vc7l4KT5zT4s/yOxHH5O7tIuuLOCnLADRw=="],

    "de-indent": ["de-indent@1.0.2", "", {}, "sha512-e/1zu3xH5MQryN2zdVaF0OrdNLUbvWxzMbi+iNA6Bky7l1RoP8a2fIbRocyHclXt/arDrrR6lL3TqFD9pMQTsg=="],

    "debug": ["debug@4.4.1", "", { "dependencies": { "ms": "^2.1.3" } }, "sha512-KcKCqiftBJcZr++7ykoDIEwSa3XWowTfNPo92BYxjXiyYEVrUQh2aLyhxBCwww+heortUFxEJYcRzosstTEBYQ=="],

    "defu": ["defu@6.1.4", "", {}, "sha512-mEQCMmwJu317oSz8CwdIOdwf3xMif1ttiM8LTufzc3g6kR+9Pe236twL8j3IYT1F7GfRgGcW6MWxzZjLIkuHIg=="],

    "destr": ["destr@2.0.5", "", {}, "sha512-ugFTXCtDZunbzasqBxrK93Ik/DRYsO6S/fedkWEMKqt04xZ4csmnmwGDBAb07QWNaGMAmnTIemsYZCksjATwsA=="],

    "duplexer": ["duplexer@0.1.2", "", {}, "sha512-jtD6YG370ZCIi/9GTaJKQxWTZD045+4R4hTk/x1UyoqadyJ9x9CgSi1RlVDQF8U2sxLLSnFkCaMihqljHIWgMg=="],

    "entities": ["entities@4.5.0", "", {}, "sha512-V0hjH4dGPh9Ao5p0MoRY6BVqtwCjhz6vI5LT8AJ55H+4g9/4vbHx1I54fS0XuclLhDHArPQCiMjDxjaL8fPxhw=="],

    "esbuild": ["esbuild@0.25.6", "", { "optionalDependencies": { "@esbuild/aix-ppc64": "0.25.6", "@esbuild/android-arm": "0.25.6", "@esbuild/android-arm64": "0.25.6", "@esbuild/android-x64": "0.25.6", "@esbuild/darwin-arm64": "0.25.6", "@esbuild/darwin-x64": "0.25.6", "@esbuild/freebsd-arm64": "0.25.6", "@esbuild/freebsd-x64": "0.25.6", "@esbuild/linux-arm": "0.25.6", "@esbuild/linux-arm64": "0.25.6", "@esbuild/linux-ia32": "0.25.6", "@esbuild/linux-loong64": "0.25.6", "@esbuild/linux-mips64el": "0.25.6", "@esbuild/linux-ppc64": "0.25.6", "@esbuild/linux-riscv64": "0.25.6", "@esbuild/linux-s390x": "0.25.6", "@esbuild/linux-x64": "0.25.6", "@esbuild/netbsd-arm64": "0.25.6", "@esbuild/netbsd-x64": "0.25.6", "@esbuild/openbsd-arm64": "0.25.6", "@esbuild/openbsd-x64": "0.25.6", "@esbuild/openharmony-arm64": "0.25.6", "@esbuild/sunos-x64": "0.25.6", "@esbuild/win32-arm64": "0.25.6", "@esbuild/win32-ia32": "0.25.6", "@esbuild/win32-x64": "0.25.6" }, "bin": { "esbuild": "bin/esbuild" } }, "sha512-GVuzuUwtdsghE3ocJ9Bs8PNoF13HNQ5TXbEi2AhvVb8xU1Iwt9Fos9FEamfoee+u/TOsn7GUWc04lz46n2bbTg=="],

    "estree-walker": ["estree-walker@2.0.2", "", {}, "sha512-Rfkk/Mp/DL7JVje3u18FxFujQlTNR2q6QfMSMB7AvCBx91NGj/ba3kCfza0f6dVDbw7YlRf/nDrn7pQrCCyQ/w=="],

    "exif-js": ["exif-js@2.3.0", "", {}, "sha512-1Og9pAzG2FZRVlaavH8bB8BTeHcjMdJhKmeQITkX+uLRCD0xPtKAdZ2clZmQdJ56p9adXtJ8+jwrGp/4505lYg=="],

    "exifreader": ["exifreader@4.31.1", "", { "optionalDependencies": { "@xmldom/xmldom": "^0.9.4" } }, "sha512-rkSg/NejDN9D+8GuRWZ2Y4G8KSrj0hdaeMoew8d0J5cF5oS0p6DVar2PSQ0fP3assu6s1PYh6M1lhtS7Kigk6Q=="],

    "exsolve": ["exsolve@1.0.7", "", {}, "sha512-VO5fQUzZtI6C+vx4w/4BWJpg3s/5l+6pRQEHzFRM8WFi4XffSP1Z+4qi7GbjWbvRQEbdIco5mIMq+zX4rPuLrw=="],

    "fdir": ["fdir@6.4.6", "", { "peerDependencies": { "picomatch": "^3 || ^4" }, "optionalPeers": ["picomatch"] }, "sha512-hiFoqpyZcfNm1yc4u8oWCf9A2c4D3QjCrks3zmoVKVxpQRzmPNar1hUJcBG2RQHvEVGDN+Jm81ZheVLAQMK6+w=="],

    "fill-range": ["fill-range@7.1.1", "", { "dependencies": { "to-regex-range": "^5.0.1" } }, "sha512-YsGpe3WHLK8ZYi4tWDg2Jy3ebRz2rXowDxnld4bkQB00cc/1Zw9AWnC0i9ztDJitivtQvaI9KaLyKrc+hBW0yg=="],

    "fsevents": ["fsevents@2.3.3", "", { "os": "darwin" }, "sha512-5xoDfX+fL7faATnagmWPpbFtwh/R77WmMMqqHGS65C3vvB0YHrgF+B1YmZ3441tMj5n63k0212XNoJwzlhffQw=="],

    "glob-parent": ["glob-parent@5.1.2", "", { "dependencies": { "is-glob": "^4.0.1" } }, "sha512-AOIgSQCepiJYwP3ARnGx+5VnTu2HBYdzbGP45eLw1vr3zB3vZLeyed1sC9hnbcOc9/SrMyM5RPQrkGz4aS9Zow=="],

    "globals": ["globals@15.15.0", "", {}, "sha512-7ACyT3wmyp3I61S4fG682L0VA2RGD9otkqGJIwNUMF1SWUombIIk+af1unuDYgMm082aHYwD+mzJvv9Iu8dsgg=="],

    "gzip-size": ["gzip-size@6.0.0", "", { "dependencies": { "duplexer": "^0.1.2" } }, "sha512-ax7ZYomf6jqPTQ4+XCpUGyXKHk5WweS+e05MBO4/y3WJ5RkmPXNKvX+bx1behVILVwr6JSQvZAku021CHPXG3Q=="],

    "he": ["he@1.2.0", "", { "bin": { "he": "bin/he" } }, "sha512-F/1DnUGPopORZi0ni+CvrCgHQ5FyEAHRLSApuYWMmrbSwoN2Mn/7k+Gl38gJnR7yyDZk6WLXwiGod1JOWNDKGw=="],

    "is-binary-path": ["is-binary-path@2.1.0", "", { "dependencies": { "binary-extensions": "^2.0.0" } }, "sha512-ZMERYes6pDydyuGidse7OsHxtbI7WVeUEozgR/g7rd0xUimYNlvZRE/K2MgZTjWy725IfelLeVcEM97mmtRGXw=="],

    "is-extglob": ["is-extglob@2.1.1", "", {}, "sha512-SbKbANkN603Vi4jEZv49LeVJMn4yGwsbzZworEoyEiutsN3nJYdbO36zfhGJ6QEDpOZIFkDtnq5JRxmvl3jsoQ=="],

    "is-glob": ["is-glob@4.0.3", "", { "dependencies": { "is-extglob": "^2.1.1" } }, "sha512-xelSayHH36ZgE7ZWhli7pW34hNbNl8Ojv5KVmkJD4hBdD3th8Tfk9vYasLM+mXWOZhFkgZfxhLSnrwRr4elSSg=="],

    "is-number": ["is-number@7.0.0", "", {}, "sha512-41Cifkg6e8TylSpdtTpeLVMqvSBEVzTttHvERD741+pnZ8ANv0004MRL43QKPDlK9cGvNp6NZWZUBlbGXYxxng=="],

    "jiti": ["jiti@2.4.2", "", { "bin": { "jiti": "lib/jiti-cli.mjs" } }, "sha512-rg9zJN+G4n2nfJl5MW3BMygZX56zKPNVEYYqq7adpmMh4Jn2QNEwhvQlFy6jPVdcod7txZtKHWnyZiA3a0zP7A=="],

    "kolorist": ["kolorist@1.8.0", "", {}, "sha512-Y+60/zizpJ3HRH8DCss+q95yr6145JXZo46OTpFvDZWLfRCE4qChOyk1b26nMaNpfHHgxagk9dXT5OP0Tfe+dQ=="],

    "local-pkg": ["local-pkg@1.1.1", "", { "dependencies": { "mlly": "^1.7.4", "pkg-types": "^2.0.1", "quansync": "^0.2.8" } }, "sha512-WunYko2W1NcdfAFpuLUoucsgULmgDBRkdxHxWQ7mK0cQqwPiy8E1enjuRBrhLtZkB5iScJ1XIPdhVEFK8aOLSg=="],

    "magic-string": ["magic-string@0.30.17", "", { "dependencies": { "@jridgewell/sourcemap-codec": "^1.5.0" } }, "sha512-sNPKHvyjVf7gyjwS4xGTaW/mCnF8wnjtifKBEhxfZ7E/S8tQ0rssrwGNn6q8JH/ohItJfSQp9mBtQYuTlH5QnA=="],

    "mdn-data": ["mdn-data@2.12.2", "", {}, "sha512-IEn+pegP1aManZuckezWCO+XZQDplx1366JoVhTpMpBB1sPey/SbveZQUosKiKiGYjg1wH4pMlNgXbCiYgihQA=="],

    "minimatch": ["minimatch@9.0.5", "", { "dependencies": { "brace-expansion": "^2.0.1" } }, "sha512-G6T0ZX48xgozx7587koeX9Ys2NYy6Gmv//P89sEte9V9whIapMNF4idKxnW2QtCcLiTWlb/wfCabAtAFWhhBow=="],

    "mlly": ["mlly@1.7.4", "", { "dependencies": { "acorn": "^8.14.0", "pathe": "^2.0.1", "pkg-types": "^1.3.0", "ufo": "^1.5.4" } }, "sha512-qmdSIPC4bDJXgZTCR7XosJiNKySV7O215tsPtDN9iEO/7q/76b/ijtgRu/+epFXSJhijtTCCGp3DWS549P3xKw=="],

    "mrmime": ["mrmime@2.0.1", "", {}, "sha512-Y3wQdFg2Va6etvQ5I82yUhGdsKrcYox6p7FfL1LbK2J4V01F9TGlepTIhnK24t7koZibmg82KGglhA1XK5IsLQ=="],

    "ms": ["ms@2.1.3", "", {}, "sha512-6FlzubTLZG3J2a/NVCAleEhjzq5oxgHyaCU9yYXvcLsvoVaHJq/s5xXI6/XXP6tz7R9xAOtHnSO/tXtF3WRTlA=="],

    "muggle-string": ["muggle-string@0.4.1", "", {}, "sha512-VNTrAak/KhO2i8dqqnqnAHOa3cYBwXEZe9h+D5h/1ZqFSTEFHdM65lR7RoIqq3tBBYavsOXV84NoHXZ0AkPyqQ=="],

    "nanoid": ["nanoid@3.3.11", "", { "bin": { "nanoid": "bin/nanoid.cjs" } }, "sha512-N8SpfPUnUp1bK+PMYW8qSWdl9U+wwNWI4QKxOYDy9JAro3WMX7p2OeVRF9v+347pnakNevPmiHhNmZ2HbFA76w=="],

    "node-fetch-native": ["node-fetch-native@1.6.6", "", {}, "sha512-8Mc2HhqPdlIfedsuZoc3yioPuzp6b+L5jRCRY1QzuWZh2EGJVQrGppC6V6cF0bLdbW0+O2YpqCA25aF/1lvipQ=="],

    "normalize-path": ["normalize-path@3.0.0", "", {}, "sha512-6eZs5Ls3WtCisHWp9S2GUy8dqkpGi4BVSz3GaqiE6ezub0512ESztXUwUB6C6IKbQkY2Pnb/mD4WYojCRwcwLA=="],

    "ofetch": ["ofetch@1.4.1", "", { "dependencies": { "destr": "^2.0.3", "node-fetch-native": "^1.6.4", "ufo": "^1.5.4" } }, "sha512-QZj2DfGplQAr2oj9KzceK9Hwz6Whxazmn85yYeVuS3u9XTMOGMRx0kO95MQ+vLsj/S/NwBDMMLU5hpxvI6Tklw=="],

    "package-manager-detector": ["package-manager-detector@1.3.0", "", {}, "sha512-ZsEbbZORsyHuO00lY1kV3/t72yp6Ysay6Pd17ZAlNGuGwmWDLCJxFpRs0IzfXfj1o4icJOkUEioexFHzyPurSQ=="],

    "path-browserify": ["path-browserify@1.0.1", "", {}, "sha512-b7uo2UCUOYZcnF/3ID0lulOJi/bafxa1xPe7ZPsammBSpjSWQkjNxlt635YGS2MiR9GjvuXCtz2emr3jbsz98g=="],

    "pathe": ["pathe@2.0.3", "", {}, "sha512-WUjGcAqP1gQacoQe+OBJsFA7Ld4DyXuUIjZ5cc75cLHvJ7dtNsTugphxIADwspS+AraAUePCKrSVtPLFj/F88w=="],

    "perfect-debounce": ["perfect-debounce@1.0.0", "", {}, "sha512-xCy9V055GLEqoFaHoC1SoLIaLmWctgCUaBaWxDZ7/Zx4CTyX7cJQLJOok/orfjZAh9kEYpjJa4d0KcJmCbctZA=="],

    "picocolors": ["picocolors@1.1.1", "", {}, "sha512-xceH2snhtb5M9liqDsmEw56le376mTZkEX/jEb/RxNFyegNul7eNslCXP9FDj/Lcu0X8KEyMceP2ntpaHrDEVA=="],

    "picomatch": ["picomatch@4.0.2", "", {}, "sha512-M7BAV6Rlcy5u+m6oPhAPFgJTzAioX/6B0DxyvDlo9l8+T3nLKbrczg2WLUyzd45L8RqfUMyGPzekbMvX2Ldkwg=="],

    "pkg-types": ["pkg-types@2.2.0", "", { "dependencies": { "confbox": "^0.2.2", "exsolve": "^1.0.7", "pathe": "^2.0.3" } }, "sha512-2SM/GZGAEkPp3KWORxQZns4M+WSeXbC2HEvmOIJe3Cmiv6ieAJvdVhDldtHqM5J1Y7MrR1XhkBT/rMlhh9FdqQ=="],

    "postcss": ["postcss@8.5.6", "", { "dependencies": { "nanoid": "^3.3.11", "picocolors": "^1.1.1", "source-map-js": "^1.2.1" } }, "sha512-3Ybi1tAuwAP9s0r1UQ2J4n5Y0G05bJkpUIO0/bI9MhwmD70S5aTWbXGBwxHrelT+XM1k6dM0pk+SwNkpTRN7Pg=="],

    "quansync": ["quansync@0.2.10", "", {}, "sha512-t41VRkMYbkHyCYmOvx/6URnN80H7k4X0lLdBMGsz+maAwrJQYB1djpV6vHrQIBE0WBSGqhtEHrK9U3DWWH8v7A=="],

    "readdirp": ["readdirp@3.6.0", "", { "dependencies": { "picomatch": "^2.2.1" } }, "sha512-hOS089on8RduqdbhvQ5Z37A0ESjsqz6qnRcffsMU3495FuTdqSm+7bhJ29JvIOsBDEEnan5DPu9t3To9VRlMzA=="],

    "rollup": ["rollup@4.44.2", "", { "dependencies": { "@types/estree": "1.0.8" }, "optionalDependencies": { "@rollup/rollup-android-arm-eabi": "4.44.2", "@rollup/rollup-android-arm64": "4.44.2", "@rollup/rollup-darwin-arm64": "4.44.2", "@rollup/rollup-darwin-x64": "4.44.2", "@rollup/rollup-freebsd-arm64": "4.44.2", "@rollup/rollup-freebsd-x64": "4.44.2", "@rollup/rollup-linux-arm-gnueabihf": "4.44.2", "@rollup/rollup-linux-arm-musleabihf": "4.44.2", "@rollup/rollup-linux-arm64-gnu": "4.44.2", "@rollup/rollup-linux-arm64-musl": "4.44.2", "@rollup/rollup-linux-loongarch64-gnu": "4.44.2", "@rollup/rollup-linux-powerpc64le-gnu": "4.44.2", "@rollup/rollup-linux-riscv64-gnu": "4.44.2", "@rollup/rollup-linux-riscv64-musl": "4.44.2", "@rollup/rollup-linux-s390x-gnu": "4.44.2", "@rollup/rollup-linux-x64-gnu": "4.44.2", "@rollup/rollup-linux-x64-musl": "4.44.2", "@rollup/rollup-win32-arm64-msvc": "4.44.2", "@rollup/rollup-win32-ia32-msvc": "4.44.2", "@rollup/rollup-win32-x64-msvc": "4.44.2", "fsevents": "~2.3.2" }, "bin": { "rollup": "dist/bin/rollup" } }, "sha512-PVoapzTwSEcelaWGth3uR66u7ZRo6qhPHc0f2uRO9fX6XDVNrIiGYS0Pj9+R8yIIYSD/mCx2b16Ws9itljKSPg=="],

    "sirv": ["sirv@3.0.1", "", { "dependencies": { "@polka/url": "^1.0.0-next.24", "mrmime": "^2.0.0", "totalist": "^3.0.0" } }, "sha512-FoqMu0NCGBLCcAkS1qA+XJIQTR6/JHfQXl+uGteNCQ76T91DMUjPa9xfmeqMY3z80nLSg9yQmNjK0Px6RWsH/A=="],

    "source-map-js": ["source-map-js@1.2.1", "", {}, "sha512-UXWMKhLOwVKb728IUtQPXxfYU+usdybtUrK/8uGE8CQMvrhOpwvzDBwj0QhSL7MQc7vIsISBG8VQ8+IDQxpfQA=="],

    "tinyexec": ["tinyexec@1.0.1", "", {}, "sha512-5uC6DDlmeqiOwCPmK9jMSdOuZTh8bU39Ys6yidB+UTt5hfZUPGAypSgFRiEp+jbi9qH40BLDvy85jIU88wKSqw=="],

    "tinyglobby": ["tinyglobby@0.2.14", "", { "dependencies": { "fdir": "^6.4.4", "picomatch": "^4.0.2" } }, "sha512-tX5e7OM1HnYr2+a2C/4V0htOcSQcoSTH9KgJnVvNm5zm/cyEWKJ7j7YutsH9CxMdtOkkLFy2AHrMci9IM8IPZQ=="],

    "to-regex-range": ["to-regex-range@5.0.1", "", { "dependencies": { "is-number": "^7.0.0" } }, "sha512-65P7iz6X5yEr1cwcgvQxbbIw7Uk3gOy5dIdtZ4rDveLqhrdJP+Li/Hx6tyK0NEb+2GCyneCMJiGqrADCSNk8sQ=="],

    "totalist": ["totalist@3.0.1", "", {}, "sha512-sf4i37nQ2LBx4m3wB74y+ubopq6W/dIzXg0FDGjsYnZHVa1Da8FH853wlL2gtUhg+xJXjfk3kUZS3BRoQeoQBQ=="],

    "typescript": ["typescript@5.8.3", "", { "bin": { "tsc": "bin/tsc", "tsserver": "bin/tsserver" } }, "sha512-p1diW6TqL9L07nNxvRMM7hMMw4c5XOo/1ibL4aAIGmSAt9slTE1Xgw5KWuof2uTOvCg9BY7ZRi+GaF+7sfgPeQ=="],

    "ufo": ["ufo@1.6.1", "", {}, "sha512-9a4/uxlTWJ4+a5i0ooc1rU7C7YOw3wT+UGqdeNNHWnOF9qcMBgLRS+4IYUqbczewFx4mLEig6gawh7X6mFlEkA=="],

    "unconfig": ["unconfig@7.3.2", "", { "dependencies": { "@quansync/fs": "^0.1.1", "defu": "^6.1.4", "jiti": "^2.4.2", "quansync": "^0.2.8" } }, "sha512-nqG5NNL2wFVGZ0NA/aCFw0oJ2pxSf1lwg4Z5ill8wd7K4KX/rQbHlwbh+bjctXL5Ly1xtzHenHGOK0b+lG6JVg=="],

    "unocss": ["unocss@66.3.3", "", { "dependencies": { "@unocss/astro": "66.3.3", "@unocss/cli": "66.3.3", "@unocss/core": "66.3.3", "@unocss/postcss": "66.3.3", "@unocss/preset-attributify": "66.3.3", "@unocss/preset-icons": "66.3.3", "@unocss/preset-mini": "66.3.3", "@unocss/preset-tagify": "66.3.3", "@unocss/preset-typography": "66.3.3", "@unocss/preset-uno": "66.3.3", "@unocss/preset-web-fonts": "66.3.3", "@unocss/preset-wind": "66.3.3", "@unocss/preset-wind3": "66.3.3", "@unocss/preset-wind4": "66.3.3", "@unocss/transformer-attributify-jsx": "66.3.3", "@unocss/transformer-compile-class": "66.3.3", "@unocss/transformer-directives": "66.3.3", "@unocss/transformer-variant-group": "66.3.3", "@unocss/vite": "66.3.3" }, "peerDependencies": { "@unocss/webpack": "66.3.3", "vite": "^2.9.0 || ^3.0.0-0 || ^4.0.0 || ^5.0.0-0 || ^6.0.0-0 || ^7.0.0-0" }, "optionalPeers": ["@unocss/webpack", "vite"] }, "sha512-HSB+K4/EbouwYmxpPU52cg0exua7PUr2IAJZBV3iai6tPdMcJ0c8jXaw7G+2L+ffruVFTcS0e2kE4OrR8BKDLg=="],

    "unplugin-utils": ["unplugin-utils@0.2.4", "", { "dependencies": { "pathe": "^2.0.2", "picomatch": "^4.0.2" } }, "sha512-8U/MtpkPkkk3Atewj1+RcKIjb5WBimZ/WSLhhR3w6SsIj8XJuKTacSP8g+2JhfSGw0Cb125Y+2zA/IzJZDVbhA=="],

    "vite": ["vite@6.3.5", "", { "dependencies": { "esbuild": "^0.25.0", "fdir": "^6.4.4", "picomatch": "^4.0.2", "postcss": "^8.5.3", "rollup": "^4.34.9", "tinyglobby": "^0.2.13" }, "optionalDependencies": { "fsevents": "~2.3.3" }, "peerDependencies": { "@types/node": "^18.0.0 || ^20.0.0 || >=22.0.0", "jiti": ">=1.21.0", "less": "*", "lightningcss": "^1.21.0", "sass": "*", "sass-embedded": "*", "stylus": "*", "sugarss": "*", "terser": "^5.16.0", "tsx": "^4.8.1", "yaml": "^2.4.2" }, "optionalPeers": ["@types/node", "jiti", "less", "lightningcss", "sass", "sass-embedded", "stylus", "sugarss", "terser", "tsx", "yaml"], "bin": { "vite": "bin/vite.js" } }, "sha512-cZn6NDFE7wdTpINgs++ZJ4N49W2vRp8LCKrn3Ob1kYNtOo21vfDoaV5GzBfLU4MovSAB8uNRm4jgzVQZ+mBzPQ=="],

    "vscode-uri": ["vscode-uri@3.1.0", "", {}, "sha512-/BpdSx+yCQGnCvecbyXdxHDkuk55/G3xwnC0GqY4gmQ3j+A+g8kzzgB4Nk/SINjqn6+waqw3EgbVF2QKExkRxQ=="],

    "vue": ["vue@3.5.17", "", { "dependencies": { "@vue/compiler-dom": "3.5.17", "@vue/compiler-sfc": "3.5.17", "@vue/runtime-dom": "3.5.17", "@vue/server-renderer": "3.5.17", "@vue/shared": "3.5.17" }, "peerDependencies": { "typescript": "*" }, "optionalPeers": ["typescript"] }, "sha512-LbHV3xPN9BeljML+Xctq4lbz2lVHCR6DtbpTf5XIO6gugpXUN49j2QQPcMj086r9+AkJ0FfUT8xjulKKBkkr9g=="],

    "vue-demi": ["vue-demi@0.14.10", "", { "peerDependencies": { "@vue/composition-api": "^1.0.0-rc.1", "vue": "^3.0.0-0 || ^2.6.0" }, "optionalPeers": ["@vue/composition-api"], "bin": { "vue-demi-fix": "bin/vue-demi-fix.js", "vue-demi-switch": "bin/vue-demi-switch.js" } }, "sha512-nMZBOwuzabUO0nLgIcc6rycZEebF6eeUfaiQx9+WSk8e29IbLvPU9feI6tqW4kTo3hvoYAJkMh8n8D0fuISphg=="],

    "vue-flow-layout": ["vue-flow-layout@0.1.1", "", { "peerDependencies": { "vue": "^3.4.37" } }, "sha512-JdgRRUVrN0Y2GosA0M68DEbKlXMqJ7FQgsK8CjQD2vxvNSqAU6PZEpi4cfcTVtfM2GVOMjHo7GKKLbXxOBqDqA=="],

    "vue-tsc": ["vue-tsc@2.2.12", "", { "dependencies": { "@volar/typescript": "2.4.15", "@vue/language-core": "2.2.12" }, "peerDependencies": { "typescript": ">=5.0.0" }, "bin": { "vue-tsc": "./bin/vue-tsc.js" } }, "sha512-P7OP77b2h/Pmk+lZdJ0YWs+5tJ6J2+uOQPo7tlBnY44QqQSPYvS0qVT4wqDJgwrZaLe47etJLLQRFia71GYITw=="],

    "anymatch/picomatch": ["picomatch@2.3.1", "", {}, "sha512-JU3teHTNjmE2VCGFzuY8EXzCDVwEqB2a8fsIvwaStHhAWJEeVd1o1QD80CU6+ZdEXXSLbSsuLwJjkCBWqRQUVA=="],

    "mlly/pkg-types": ["pkg-types@1.3.1", "", { "dependencies": { "confbox": "^0.1.8", "mlly": "^1.7.4", "pathe": "^2.0.1" } }, "sha512-/Jm5M4RvtBFVkKWRu2BLUTNP8/M2a+UwuAX+ae4770q1qVGtfjG+WTCupoZixokjmHiry8uI+dlY8KXYV5HVVQ=="],

    "readdirp/picomatch": ["picomatch@2.3.1", "", {}, "sha512-JU3teHTNjmE2VCGFzuY8EXzCDVwEqB2a8fsIvwaStHhAWJEeVd1o1QD80CU6+ZdEXXSLbSsuLwJjkCBWqRQUVA=="],

    "mlly/pkg-types/confbox": ["confbox@0.1.8", "", {}, "sha512-RMtmw0iFkeR4YV+fUOSucriAQNb9g8zFR52MWCtl+cCZOFRNL6zeB395vPzFhEjjn4fMxXudmELnl/KF/WrK6w=="],
  }
}
